
Microsoft Visual Studio Solution File, Format Version 12.00
# Visual Studio Version 17
VisualStudioVersion = 17.4.33122.133
MinimumVisualStudioVersion = 10.0.40219.1
Project("{FAE04EC0-301F-11D3-BF4B-00C04F79EFBC}") = "EighthTask", "EighthTask\EighthTask.csproj", "{3D35ABB0-5916-4E58-A501-8629C24A69B3}"
EndProject
Global
	GlobalSection(SolutionConfigurationPlatforms) = preSolution
		Debug|Any CPU = Debug|Any CPU
		Release|Any CPU = Release|Any CPU
	EndGlobalSection
	GlobalSection(ProjectConfigurationPlatforms) = postSolution
		{3D35ABB0-5916-4E58-A501-8629C24A69B3}.Debug|Any CPU.ActiveCfg = Debug|Any CPU
		{3D35ABB0-5916-4E58-A501-8629C24A69B3}.Debug|Any CPU.Build.0 = Debug|Any CPU
		{3D35ABB0-5916-4E58-A501-8629C24A69B3}.Release|Any CPU.ActiveCfg = Release|Any CPU
		{3D35ABB0-5916-4E58-A501-8629C24A69B3}.Release|Any CPU.Build.0 = Release|Any CPU
	EndGlobalSection
	GlobalSection(SolutionProperties) = preSolution
		HideSolutionNode = FALSE
	EndGlobalSection
	GlobalSection(ExtensibilityGlobals) = postSolution
		SolutionGuid = {D1B7AA72-2816-4B14-BB95-C8B42BA7EA89}
	EndGlobalSection
EndGlobal
